
Microsoft Visual Studio Solution File, Format Version 12.00
# Visual Studio Version 17
VisualStudioVersion = 17.3.32819.101
MinimumVisualStudioVersion = 10.0.40219.1
Project("{9A19103F-16F7-4668-BE54-9A1E7A4F7556}") = "InterviewUniqueWordCount", "InterviewUniqueWordCount\InterviewUniqueWordCount.csproj", "{6C5A87BA-5CCB-4DFF-BC32-1F200C696913}"
EndProject
Project("{FAE04EC0-301F-11D3-BF4B-00C04F79EFBC}") = "WCFService", "WcfServiceLibrary\WCFService.csproj", "{E7372992-9C24-44B2-BBD3-51B792D92068}"
EndProject
Project("{9A19103F-16F7-4668-BE54-9A1E7A4F7556}") = "FilesUtility", "FilesUtility\FilesUtility.csproj", "{9ED0F2C9-76DE-4088-A91C-CB2BC255C222}"
EndProject
Project("{FAE04EC0-301F-11D3-BF4B-00C04F79EFBC}") = "WCFClient", "WCFClient\WCFClient.csproj", "{74063FBB-1F8E-40F3-B56A-C74147566F17}"
	ProjectSection(ProjectDependencies) = postProject
		{E7372992-9C24-44B2-BBD3-51B792D92068} = {E7372992-9C24-44B2-BBD3-51B792D92068}
	EndProjectSection
EndProject
Global
	GlobalSection(SolutionConfigurationPlatforms) = preSolution
		Debug|Any CPU = Debug|Any CPU
		Release|Any CPU = Release|Any CPU
	EndGlobalSection
	GlobalSection(ProjectConfigurationPlatforms) = postSolution
		{6C5A87BA-5CCB-4DFF-BC32-1F200C696913}.Debug|Any CPU.ActiveCfg = Debug|Any CPU
		{6C5A87BA-5CCB-4DFF-BC32-1F200C696913}.Debug|Any CPU.Build.0 = Debug|Any CPU
		{6C5A87BA-5CCB-4DFF-BC32-1F200C696913}.Release|Any CPU.ActiveCfg = Release|Any CPU
		{6C5A87BA-5CCB-4DFF-BC32-1F200C696913}.Release|Any CPU.Build.0 = Release|Any CPU
		{E7372992-9C24-44B2-BBD3-51B792D92068}.Debug|Any CPU.ActiveCfg = Debug|Any CPU
		{E7372992-9C24-44B2-BBD3-51B792D92068}.Debug|Any CPU.Build.0 = Debug|Any CPU
		{E7372992-9C24-44B2-BBD3-51B792D92068}.Release|Any CPU.ActiveCfg = Release|Any CPU
		{E7372992-9C24-44B2-BBD3-51B792D92068}.Release|Any CPU.Build.0 = Release|Any CPU
		{9ED0F2C9-76DE-4088-A91C-CB2BC255C222}.Debug|Any CPU.ActiveCfg = Debug|Any CPU
		{9ED0F2C9-76DE-4088-A91C-CB2BC255C222}.Debug|Any CPU.Build.0 = Debug|Any CPU
		{9ED0F2C9-76DE-4088-A91C-CB2BC255C222}.Release|Any CPU.ActiveCfg = Release|Any CPU
		{9ED0F2C9-76DE-4088-A91C-CB2BC255C222}.Release|Any CPU.Build.0 = Release|Any CPU
		{74063FBB-1F8E-40F3-B56A-C74147566F17}.Debug|Any CPU.ActiveCfg = Debug|Any CPU
		{74063FBB-1F8E-40F3-B56A-C74147566F17}.Debug|Any CPU.Build.0 = Debug|Any CPU
		{74063FBB-1F8E-40F3-B56A-C74147566F17}.Release|Any CPU.ActiveCfg = Release|Any CPU
		{74063FBB-1F8E-40F3-B56A-C74147566F17}.Release|Any CPU.Build.0 = Release|Any CPU
	EndGlobalSection
	GlobalSection(SolutionProperties) = preSolution
		HideSolutionNode = FALSE
	EndGlobalSection
	GlobalSection(ExtensibilityGlobals) = postSolution
		SolutionGuid = {11857424-94A9-4BBF-B8BA-ACEA4206F09C}
	EndGlobalSection
EndGlobal
